
Microsoft Visual Studio Solution File, Format Version 12.00
# Visual Studio Version 17
VisualStudioVersion = 17.8.34322.80
MinimumVisualStudioVersion = 10.0.40219.1
Project("{9A19103F-16F7-4668-BE54-9A1E7A4F7556}") = "Daybreak_Midnight", "Daybreak_Midnight.csproj", "{B2780EEB-F3CC-4D90-ACCB-250F7AFAE26F}"
EndProject
Global
	GlobalSection(SolutionConfigurationPlatforms) = preSolution
		Debug|Any CPU = Debug|Any CPU
		Release|Any CPU = Release|Any CPU
	EndGlobalSection
	GlobalSection(ProjectConfigurationPlatforms) = postSolution
		{B2780EEB-F3CC-4D90-ACCB-250F7AFAE26F}.Debug|Any CPU.ActiveCfg = Debug|Any CPU
		{B2780EEB-F3CC-4D90-ACCB-250F7AFAE26F}.Debug|Any CPU.Build.0 = Debug|Any CPU
		{B2780EEB-F3CC-4D90-ACCB-250F7AFAE26F}.Release|Any CPU.ActiveCfg = Release|Any CPU
		{B2780EEB-F3CC-4D90-ACCB-250F7AFAE26F}.Release|Any CPU.Build.0 = Release|Any CPU
	EndGlobalSection
	GlobalSection(SolutionProperties) = preSolution
		HideSolutionNode = FALSE
	EndGlobalSection
	GlobalSection(ExtensibilityGlobals) = postSolution
		SolutionGuid = {5B43CC79-8BC4-45F8-999C-92C9743E8633}
	EndGlobalSection
EndGlobal
